Microsoft Visual Studio Solution File, Format Version 12.00
# Visual Studio Version 17
VisualStudioVersion = 17.3.32929.385
MinimumVisualStudioVersion = 10.0.40219.1
Project("{9A19103F-16F7-4668-BE54-9A1E7A4F7556}") = "Foundry", "foundry\Foundry.csproj", "{FE9BDE09-102E-41DD-8762-74FC6D505CDE}"
EndProject
Project("{2150E333-8FDC-42A3-9474-1A3956D46DE8}") = "_Tool", "_Tool", "{F582DA9A-1EB9-4C22-A23E-89F2FDAACE40}"
EndProject
Project("{2150E333-8FDC-42A3-9474-1A3956D46DE8}") = "Phoenix", "Phoenix", "{5D3A0DB5-2FC0-46B9-A60C-1DA02787108B}"
EndProject
Project("{FAE04EC0-301F-11D3-BF4B-00C04F79EFBC}") = "KSoft.T4", "_extlib\Vita\KSoft\KSoft.T4\KSoft.T4.csproj", "{17AB134C-9C71-4CCF-84D9-D90F6DD58A0A}"
EndProject
Project("{FAE04EC0-301F-11D3-BF4B-00C04F79EFBC}") = "KSoft", "_extlib\Vita\KSoft\KSoft\KSoft.csproj", "{EB07F515-E27C-4768-8BD8-2829F657807E}"
EndProject
Project("{FAE04EC0-301F-11D3-BF4B-00C04F79EFBC}") = "KSoft.Compression", "_extlib\Vita\KSoft\KSoft.Compression\KSoft.Compression.csproj", "{0B27603C-CEB1-4A3A-B56F-CBC14B8C06E7}"
EndProject
Project("{FAE04EC0-301F-11D3-BF4B-00C04F79EFBC}") = "KSoft.IO.TagElementStreams", "_extlib\Vita\KSoft\KSoft.IO.TagElementStreams\KSoft.IO.TagElementStreams.csproj", "{18F32228-8351-4F99-992F-78E9D1CE83D9}"
EndProject
Project("{FAE04EC0-301F-11D3-BF4B-00C04F79EFBC}") = "KSoft.Math", "_extlib\Vita\KSoft\KSoft.Math\KSoft.Math.csproj", "{423F13FC-DA0C-4C82-B75E-60A1BFEA7BB6}"
EndProject
Project("{FAE04EC0-301F-11D3-BF4B-00C04F79EFBC}") = "KSoft.Security", "_extlib\Vita\KSoft\KSoft.Security\KSoft.Security.csproj", "{0632A00B-DE9E-4350-A3F8-3A82F9C780AF}"
EndProject
Project("{FAE04EC0-301F-11D3-BF4B-00C04F79EFBC}") = "KSoft.Phoenix", "_extlib\Vita\Games\Phoenix\KSoft.Phoenix\KSoft.Phoenix.csproj", "{3FD3A05A-4451-49D1-B38E-B897F3444754}"
EndProject
Project("{FAE04EC0-301F-11D3-BF4B-00C04F79EFBC}") = "KSoft.Wwise", "_extlib\Vita\Games\Wwise\KSoft.Wwise\KSoft.Wwise.csproj", "{BDDEC955-6D39-4058-92E5-F1BF170F860F}"
EndProject
Project("{2150E333-8FDC-42A3-9474-1A3956D46DE8}") = "_ExtLib", "_ExtLib", "{27091FB5-7476-4A83-B075-B368BD1B282F}"
EndProject
Project("{9A19103F-16F7-4668-BE54-9A1E7A4F7556}") = "ScriptComb2", "tools\ScriptComb2\ScriptComb2.csproj", "{675160B4-496B-4896-8F4F-4952C93CBF9F}"
EndProject
Global
	GlobalSection(SolutionConfigurationPlatforms) = preSolution
		Debug|Any CPU = Debug|Any CPU
		Debug|x64 = Debug|x64
		Debug|x86 = Debug|x86
		Release|Any CPU = Release|Any CPU
		Release|x64 = Release|x64
		Release|x86 = Release|x86
	EndGlobalSection
	GlobalSection(ProjectConfigurationPlatforms) = postSolution
		{FE9BDE09-102E-41DD-8762-74FC6D505CDE}.Debug|Any CPU.ActiveCfg = Debug|Any CPU
		{FE9BDE09-102E-41DD-8762-74FC6D505CDE}.Debug|Any CPU.Build.0 = Debug|Any CPU
		{FE9BDE09-102E-41DD-8762-74FC6D505CDE}.Debug|x64.ActiveCfg = Debug|Any CPU
		{FE9BDE09-102E-41DD-8762-74FC6D505CDE}.Debug|x64.Build.0 = Debug|Any CPU
		{FE9BDE09-102E-41DD-8762-74FC6D505CDE}.Debug|x86.ActiveCfg = Debug|Any CPU
		{FE9BDE09-102E-41DD-8762-74FC6D505CDE}.Debug|x86.Build.0 = Debug|Any CPU
		{FE9BDE09-102E-41DD-8762-74FC6D505CDE}.Release|Any CPU.ActiveCfg = Release|Any CPU
		{FE9BDE09-102E-41DD-8762-74FC6D505CDE}.Release|Any CPU.Build.0 = Release|Any CPU
		{FE9BDE09-102E-41DD-8762-74FC6D505CDE}.Release|x64.ActiveCfg = Release|Any CPU
		{FE9BDE09-102E-41DD-8762-74FC6D505CDE}.Release|x64.Build.0 = Release|Any CPU
		{FE9BDE09-102E-41DD-8762-74FC6D505CDE}.Release|x86.ActiveCfg = Release|Any CPU
		{FE9BDE09-102E-41DD-8762-74FC6D505CDE}.Release|x86.Build.0 = Release|Any CPU
		{17AB134C-9C71-4CCF-84D9-D90F6DD58A0A}.Debug|Any CPU.ActiveCfg = Debug|Any CPU
		{17AB134C-9C71-4CCF-84D9-D90F6DD58A0A}.Debug|Any CPU.Build.0 = Debug|Any CPU
		{17AB134C-9C71-4CCF-84D9-D90F6DD58A0A}.Debug|x64.ActiveCfg = Debug|x64
		{17AB134C-9C71-4CCF-84D9-D90F6DD58A0A}.Debug|x64.Build.0 = Debug|x64
		{17AB134C-9C71-4CCF-84D9-D90F6DD58A0A}.Debug|x86.ActiveCfg = Debug|x86
		{17AB134C-9C71-4CCF-84D9-D90F6DD58A0A}.Debug|x86.Build.0 = Debug|x86
		{17AB134C-9C71-4CCF-84D9-D90F6DD58A0A}.Release|Any CPU.ActiveCfg = Release|Any CPU
		{17AB134C-9C71-4CCF-84D9-D90F6DD58A0A}.Release|Any CPU.Build.0 = Release|Any CPU
		{17AB134C-9C71-4CCF-84D9-D90F6DD58A0A}.Release|x64.ActiveCfg = Release|x64
		{17AB134C-9C71-4CCF-84D9-D90F6DD58A0A}.Release|x64.Build.0 = Release|x64
		{17AB134C-9C71-4CCF-84D9-D90F6DD58A0A}.Release|x86.ActiveCfg = Release|x86
		{17AB134C-9C71-4CCF-84D9-D90F6DD58A0A}.Release|x86.Build.0 = Release|x86
		{EB07F515-E27C-4768-8BD8-2829F657807E}.Debug|Any CPU.ActiveCfg = Debug|Any CPU
		{EB07F515-E27C-4768-8BD8-2829F657807E}.Debug|Any CPU.Build.0 = Debug|Any CPU
		{EB07F515-E27C-4768-8BD8-2829F657807E}.Debug|x64.ActiveCfg = Debug|x64
		{EB07F515-E27C-4768-8BD8-2829F657807E}.Debug|x64.Build.0 = Debug|x64
		{EB07F515-E27C-4768-8BD8-2829F657807E}.Debug|x86.ActiveCfg = Debug|x86
		{EB07F515-E27C-4768-8BD8-2829F657807E}.Debug|x86.Build.0 = Debug|x86
		{EB07F515-E27C-4768-8BD8-2829F657807E}.Release|Any CPU.ActiveCfg = Release|Any CPU
		{EB07F515-E27C-4768-8BD8-2829F657807E}.Release|Any CPU.Build.0 = Release|Any CPU
		{EB07F515-E27C-4768-8BD8-2829F657807E}.Release|x64.ActiveCfg = Release|x64
		{EB07F515-E27C-4768-8BD8-2829F657807E}.Release|x64.Build.0 = Release|x64
		{EB07F515-E27C-4768-8BD8-2829F657807E}.Release|x86.ActiveCfg = Release|x86
		{EB07F515-E27C-4768-8BD8-2829F657807E}.Release|x86.Build.0 = Release|x86
		{0B27603C-CEB1-4A3A-B56F-CBC14B8C06E7}.Debug|Any CPU.ActiveCfg = Debug|Any CPU
		{0B27603C-CEB1-4A3A-B56F-CBC14B8C06E7}.Debug|Any CPU.Build.0 = Debug|Any CPU
		{0B27603C-CEB1-4A3A-B56F-CBC14B8C06E7}.Debug|x64.ActiveCfg = Debug|x64
		{0B27603C-CEB1-4A3A-B56F-CBC14B8C06E7}.Debug|x64.Build.0 = Debug|x64
		{0B27603C-CEB1-4A3A-B56F-CBC14B8C06E7}.Debug|x86.ActiveCfg = Debug|x86
		{0B27603C-CEB1-4A3A-B56F-CBC14B8C06E7}.Debug|x86.Build.0 = Debug|x86
		{0B27603C-CEB1-4A3A-B56F-CBC14B8C06E7}.Release|Any CPU.ActiveCfg = Release|Any CPU
		{0B27603C-CEB1-4A3A-B56F-CBC14B8C06E7}.Release|Any CPU.Build.0 = Release|Any CPU
		{0B27603C-CEB1-4A3A-B56F-CBC14B8C06E7}.Release|x64.ActiveCfg = Release|x64
		{0B27603C-CEB1-4A3A-B56F-CBC14B8C06E7}.Release|x64.Build.0 = Release|x64
		{0B27603C-CEB1-4A3A-B56F-CBC14B8C06E7}.Release|x86.ActiveCfg = Release|x86
		{0B27603C-CEB1-4A3A-B56F-CBC14B8C06E7}.Release|x86.Build.0 = Release|x86
		{18F32228-8351-4F99-992F-78E9D1CE83D9}.Debug|Any CPU.ActiveCfg = Debug|Any CPU
		{18F32228-8351-4F99-992F-78E9D1CE83D9}.Debug|Any CPU.Build.0 = Debug|Any CPU
		{18F32228-8351-4F99-992F-78E9D1CE83D9}.Debug|x64.ActiveCfg = Debug|x64
		{18F32228-8351-4F99-992F-78E9D1CE83D9}.Debug|x64.Build.0 = Debug|x64
		{18F32228-8351-4F99-992F-78E9D1CE83D9}.Debug|x86.ActiveCfg = Debug|x86
		{18F32228-8351-4F99-992F-78E9D1CE83D9}.Debug|x86.Build.0 = Debug|x86
		{18F32228-8351-4F99-992F-78E9D1CE83D9}.Release|Any CPU.ActiveCfg = Release|Any CPU
		{18F32228-8351-4F99-992F-78E9D1CE83D9}.Release|Any CPU.Build.0 = Release|Any CPU
		{18F32228-8351-4F99-992F-78E9D1CE83D9}.Release|x64.ActiveCfg = Release|x64
		{18F32228-8351-4F99-992F-78E9D1CE83D9}.Release|x64.Build.0 = Release|x64
		{18F32228-8351-4F99-992F-78E9D1CE83D9}.Release|x86.ActiveCfg = Release|x86
		{18F32228-8351-4F99-992F-78E9D1CE83D9}.Release|x86.Build.0 = Release|x86
		{423F13FC-DA0C-4C82-B75E-60A1BFEA7BB6}.Debug|Any CPU.ActiveCfg = Debug|Any CPU
		{423F13FC-DA0C-4C82-B75E-60A1BFEA7BB6}.Debug|Any CPU.Build.0 = Debug|Any CPU
		{423F13FC-DA0C-4C82-B75E-60A1BFEA7BB6}.Debug|x64.ActiveCfg = Debug|x64
		{423F13FC-DA0C-4C82-B75E-60A1BFEA7BB6}.Debug|x64.Build.0 = Debug|x64
		{423F13FC-DA0C-4C82-B75E-60A1BFEA7BB6}.Debug|x86.ActiveCfg = Debug|x86
		{423F13FC-DA0C-4C82-B75E-60A1BFEA7BB6}.Debug|x86.Build.0 = Debug|x86
		{423F13FC-DA0C-4C82-B75E-60A1BFEA7BB6}.Release|Any CPU.ActiveCfg = Release|Any CPU
		{423F13FC-DA0C-4C82-B75E-60A1BFEA7BB6}.Release|Any CPU.Build.0 = Release|Any CPU
		{423F13FC-DA0C-4C82-B75E-60A1BFEA7BB6}.Release|x64.ActiveCfg = Release|x64
		{423F13FC-DA0C-4C82-B75E-60A1BFEA7BB6}.Release|x64.Build.0 = Release|x64
		{423F13FC-DA0C-4C82-B75E-60A1BFEA7BB6}.Release|x86.ActiveCfg = Release|x86
		{423F13FC-DA0C-4C82-B75E-60A1BFEA7BB6}.Release|x86.Build.0 = Release|x86
		{0632A00B-DE9E-4350-A3F8-3A82F9C780AF}.Debug|Any CPU.ActiveCfg = Debug|Any CPU
		{0632A00B-DE9E-4350-A3F8-3A82F9C780AF}.Debug|Any CPU.Build.0 = Debug|Any CPU
		{0632A00B-DE9E-4350-A3F8-3A82F9C780AF}.Debug|x64.ActiveCfg = Debug|x64
		{0632A00B-DE9E-4350-A3F8-3A82F9C780AF}.Debug|x64.Build.0 = Debug|x64
		{0632A00B-DE9E-4350-A3F8-3A82F9C780AF}.Debug|x86.ActiveCfg = Debug|x86
		{0632A00B-DE9E-4350-A3F8-3A82F9C780AF}.Debug|x86.Build.0 = Debug|x86
		{0632A00B-DE9E-4350-A3F8-3A82F9C780AF}.Release|Any CPU.ActiveCfg = Release|Any CPU
		{0632A00B-DE9E-4350-A3F8-3A82F9C780AF}.Release|Any CPU.Build.0 = Release|Any CPU
		{0632A00B-DE9E-4350-A3F8-3A82F9C780AF}.Release|x64.ActiveCfg = Release|x64
		{0632A00B-DE9E-4350-A3F8-3A82F9C780AF}.Release|x64.Build.0 = Release|x64
		{0632A00B-DE9E-4350-A3F8-3A82F9C780AF}.Release|x86.ActiveCfg = Release|x86
		{0632A00B-DE9E-4350-A3F8-3A82F9C780AF}.Release|x86.Build.0 = Release|x86
		{3FD3A05A-4451-49D1-B38E-B897F3444754}.Debug|Any CPU.ActiveCfg = Debug|Any CPU
		{3FD3A05A-4451-49D1-B38E-B897F3444754}.Debug|Any CPU.Build.0 = Debug|Any CPU
		{3FD3A05A-4451-49D1-B38E-B897F3444754}.Debug|x64.ActiveCfg = Debug|x64
		{3FD3A05A-4451-49D1-B38E-B897F3444754}.Debug|x64.Build.0 = Debug|x64
		{3FD3A05A-4451-49D1-B38E-B897F3444754}.Debug|x86.ActiveCfg = Debug|x86
		{3FD3A05A-4451-49D1-B38E-B897F3444754}.Debug|x86.Build.0 = Debug|x86
		{3FD3A05A-4451-49D1-B38E-B897F3444754}.Release|Any CPU.ActiveCfg = Release|Any CPU
		{3FD3A05A-4451-49D1-B38E-B897F3444754}.Release|Any CPU.Build.0 = Release|Any CPU
		{3FD3A05A-4451-49D1-B38E-B897F3444754}.Release|x64.ActiveCfg = Release|x64
		{3FD3A05A-4451-49D1-B38E-B897F3444754}.Release|x64.Build.0 = Release|x64
		{3FD3A05A-4451-49D1-B38E-B897F3444754}.Release|x86.ActiveCfg = Release|x86
		{3FD3A05A-4451-49D1-B38E-B897F3444754}.Release|x86.Build.0 = Release|x86
		{BDDEC955-6D39-4058-92E5-F1BF170F860F}.Debug|Any CPU.ActiveCfg = Debug|Any CPU
		{BDDEC955-6D39-4058-92E5-F1BF170F860F}.Debug|Any CPU.Build.0 = Debug|Any CPU
		{BDDEC955-6D39-4058-92E5-F1BF170F860F}.Debug|x64.ActiveCfg = Debug|x64
		{BDDEC955-6D39-4058-92E5-F1BF170F860F}.Debug|x64.Build.0 = Debug|x64
		{BDDEC955-6D39-4058-92E5-F1BF170F860F}.Debug|x86.ActiveCfg = Debug|x86
		{BDDEC955-6D39-4058-92E5-F1BF170F860F}.Debug|x86.Build.0 = Debug|x86
		{BDDEC955-6D39-4058-92E5-F1BF170F860F}.Release|Any CPU.ActiveCfg = Release|Any CPU
		{BDDEC955-6D39-4058-92E5-F1BF170F860F}.Release|Any CPU.Build.0 = Release|Any CPU
		{BDDEC955-6D39-4058-92E5-F1BF170F860F}.Release|x64.ActiveCfg = Release|x64
		{BDDEC955-6D39-4058-92E5-F1BF170F860F}.Release|x64.Build.0 = Release|x64
		{BDDEC955-6D39-4058-92E5-F1BF170F860F}.Release|x86.ActiveCfg = Release|x86
		{BDDEC955-6D39-4058-92E5-F1BF170F860F}.Release|x86.Build.0 = Release|x86
		{675160B4-496B-4896-8F4F-4952C93CBF9F}.Debug|Any CPU.ActiveCfg = Debug|Any CPU
		{675160B4-496B-4896-8F4F-4952C93CBF9F}.Debug|Any CPU.Build.0 = Debug|Any CPU
		{675160B4-496B-4896-8F4F-4952C93CBF9F}.Debug|x64.ActiveCfg = Debug|Any CPU
		{675160B4-496B-4896-8F4F-4952C93CBF9F}.Debug|x64.Build.0 = Debug|Any CPU
		{675160B4-496B-4896-8F4F-4952C93CBF9F}.Debug|x86.ActiveCfg = Debug|Any CPU
		{675160B4-496B-4896-8F4F-4952C93CBF9F}.Debug|x86.Build.0 = Debug|Any CPU
		{675160B4-496B-4896-8F4F-4952C93CBF9F}.Release|Any CPU.ActiveCfg = Release|Any CPU
		{675160B4-496B-4896-8F4F-4952C93CBF9F}.Release|Any CPU.Build.0 = Release|Any CPU
		{675160B4-496B-4896-8F4F-4952C93CBF9F}.Release|x64.ActiveCfg = Release|Any CPU
		{675160B4-496B-4896-8F4F-4952C93CBF9F}.Release|x64.Build.0 = Release|Any CPU
		{675160B4-496B-4896-8F4F-4952C93CBF9F}.Release|x86.ActiveCfg = Release|Any CPU
		{675160B4-496B-4896-8F4F-4952C93CBF9F}.Release|x86.Build.0 = Release|Any CPU
	EndGlobalSection
	GlobalSection(SolutionProperties) = preSolution
		HideSolutionNode = FALSE
	EndGlobalSection
	GlobalSection(NestedProjects) = preSolution
		{5D3A0DB5-2FC0-46B9-A60C-1DA02787108B} = {27091FB5-7476-4A83-B075-B368BD1B282F}
		{17AB134C-9C71-4CCF-84D9-D90F6DD58A0A} = {5D3A0DB5-2FC0-46B9-A60C-1DA02787108B}
		{EB07F515-E27C-4768-8BD8-2829F657807E} = {5D3A0DB5-2FC0-46B9-A60C-1DA02787108B}
		{0B27603C-CEB1-4A3A-B56F-CBC14B8C06E7} = {5D3A0DB5-2FC0-46B9-A60C-1DA02787108B}
		{18F32228-8351-4F99-992F-78E9D1CE83D9} = {5D3A0DB5-2FC0-46B9-A60C-1DA02787108B}
		{423F13FC-DA0C-4C82-B75E-60A1BFEA7BB6} = {5D3A0DB5-2FC0-46B9-A60C-1DA02787108B}
		{0632A00B-DE9E-4350-A3F8-3A82F9C780AF} = {5D3A0DB5-2FC0-46B9-A60C-1DA02787108B}
		{3FD3A05A-4451-49D1-B38E-B897F3444754} = {5D3A0DB5-2FC0-46B9-A60C-1DA02787108B}
		{BDDEC955-6D39-4058-92E5-F1BF170F860F} = {5D3A0DB5-2FC0-46B9-A60C-1DA02787108B}
		{675160B4-496B-4896-8F4F-4952C93CBF9F} = {F582DA9A-1EB9-4C22-A23E-89F2FDAACE40}
	EndGlobalSection
	GlobalSection(ExtensibilityGlobals) = postSolution
		SolutionGuid = {98079B37-734A-4A44-BB5F-CF75C17CA16C}
	EndGlobalSection
EndGlobal
